
Microsoft Visual Studio Solution File, Format Version 12.00
# Visual Studio 15
Project("{FAE04EC0-301F-11D3-BF4B-00C04F79EFBC}") = "Hub.Shared.Web.Http", "..\hub-shared\Hub.Shared.Web\Hub.Shared.Web.Http\Hub.Shared.Web.Http.csproj", "{78DC9B62-21DC-4511-AC01-63DAFF5D6A2C}"
EndProject
Project("{FAE04EC0-301F-11D3-BF4B-00C04F79EFBC}") = "Hub.Shared.Extensions", "..\hub-shared\Hub.Shared.Extensions\Hub.Shared.Extensions.csproj", "{D79812C5-6B79-408C-BBCE-1E4559224789}"
EndProject
Project("{2150E333-8FDC-42A3-9474-1A3956D46DE8}") = "Hub.Shared.Web", "Hub.Shared.Web", "{B328846E-B016-4808-9D8E-F7D986C53CD6}"
EndProject
Project("{FAE04EC0-301F-11D3-BF4B-00C04F79EFBC}") = "Hub.Shared.Web.Api", "..\hub-shared\Hub.Shared.Web\Hub.Shared.Web.Api\Hub.Shared.Web.Api.csproj", "{465AFB07-0285-4182-9513-6C5EE29F3B42}"
EndProject
Project("{FAE04EC0-301F-11D3-BF4B-00C04F79EFBC}") = "Hub.Shared.Web.BlazorServer", "..\hub-shared\Hub.Shared.Web\Hub.Shared.Web.BlazorServer\Hub.Shared.Web.BlazorServer.csproj", "{A7FE0CE7-80A6-41F6-8A05-863A2EE3724E}"
EndProject
Project("{2150E333-8FDC-42A3-9474-1A3956D46DE8}") = "Hub.Shared.HostedServices", "..\hub-shared\Hub.Shared.HostedServices", "{83A30151-BD2D-4FB2-B3CC-37F2B8B32D82}"
EndProject
Project("{FAE04EC0-301F-11D3-BF4B-00C04F79EFBC}") = "Hub.Shared.Settings", "..\hub-shared\Hub.Shared.Settings\Hub.Shared.Settings.csproj", "{ABBE1B61-DE3D-49CD-9CB2-AE545B9123C7}"
EndProject
Project("{FAE04EC0-301F-11D3-BF4B-00C04F79EFBC}") = "Hub.Shared.HostedServices.Commands", "..\hub-shared\Hub.Shared.HostedServices\Hub.Shared.HostedServices.Commands\Hub.Shared.HostedServices.Commands.csproj", "{EC1C33C7-9073-47AA-A7FF-17F0E4127382}"
EndProject
Project("{FAE04EC0-301F-11D3-BF4B-00C04F79EFBC}") = "Hub.Shared.HostedServices.Core", "..\hub-shared\Hub.Shared.HostedServices\Hub.Shared.HostedServices.Core\Hub.Shared.HostedServices.Core.csproj", "{A7933A18-B622-4F51-BD59-232FD56FB80C}"
EndProject
Project("{FAE04EC0-301F-11D3-BF4B-00C04F79EFBC}") = "Hub.Shared.HostedServices.Schedule", "..\hub-shared\Hub.Shared.HostedServices\Hub.Shared.HostedServices.Schedule\Hub.Shared.HostedServices.Schedule.csproj", "{6C08BE2C-5E8A-4BE2-9315-B98B70BA9A27}"
EndProject
Project("{FAE04EC0-301F-11D3-BF4B-00C04F79EFBC}") = "Hub.Shared.HostedServices.ServiceBusQueue", "..\hub-shared\Hub.Shared.HostedServices\Hub.Shared.HostedServices.ServiceBusQueue\Hub.Shared.HostedServices.ServiceBusQueue.csproj", "{3BB58B82-7152-4848-8A7A-D95056A35F3E}"
EndProject
Project("{2150E333-8FDC-42A3-9474-1A3956D46DE8}") = "Hub.Shared.Storage", "Hub.Shared.Storage", "{6965300D-8A21-4B13-8A22-2F64420E433E}"
EndProject
Project("{2150E333-8FDC-42A3-9474-1A3956D46DE8}") = "Hub.Shared", "Hub.Shared", "{03B13645-89A1-43E0-823B-F98A297C1D34}"
EndProject
Project("{FAE04EC0-301F-11D3-BF4B-00C04F79EFBC}") = "Hub.Shared.Storage.Azure", "..\hub-shared\Hub.Shared.Storage\Hub.Shared.Storage.Azure\Hub.Shared.Storage.Azure.csproj", "{5E89B893-ED79-426F-AD6A-A3810B75E125}"
EndProject
Project("{FAE04EC0-301F-11D3-BF4B-00C04F79EFBC}") = "Hub.Shared.Storage.Repository", "..\hub-shared\Hub.Shared.Storage\Hub.Shared.Storage.Repository\Hub.Shared.Storage.Repository.csproj", "{32553A11-D1A2-4693-B329-217C6CE40DF1}"
EndProject
Project("{FAE04EC0-301F-11D3-BF4B-00C04F79EFBC}") = "Hub.Shared.Storage.Repository.Core", "..\hub-shared\Hub.Shared.Storage\Hub.Shared.Storage.Repository.Core\Hub.Shared.Storage.Repository.Core.csproj", "{A47BB1E7-E911-4F36-9BC5-CC04DC045109}"
EndProject
Project("{FAE04EC0-301F-11D3-BF4B-00C04F79EFBC}") = "Hub.Shared.Storage.ServiceBus", "..\hub-shared\Hub.Shared.Storage\Hub.Shared.Storage.ServiceBus\Hub.Shared.Storage.ServiceBus.csproj", "{EBAB2D58-9C5B-4945-A732-E85A65D0EEE9}"
EndProject
Project("{FAE04EC0-301F-11D3-BF4B-00C04F79EFBC}") = "Banking.Web.Api", "Banking.Web.Api\Banking.Web.Api.csproj", "{72B1210B-B84C-4FD5-A3A8-BAB5C8608B4F}"
EndProject
Project("{FAE04EC0-301F-11D3-BF4B-00C04F79EFBC}") = "Banking.Data", "Banking.Data\Banking.Data.csproj", "{D6C7BE54-A38C-447F-96BD-129A0EC4839C}"
EndProject
Project("{FAE04EC0-301F-11D3-BF4B-00C04F79EFBC}") = "Banking.Integration", "Banking.Integration\Banking.Integration.csproj", "{537AD469-D1FB-4ACA-98A7-D226DD7D648E}"
EndProject
Project("{FAE04EC0-301F-11D3-BF4B-00C04F79EFBC}") = "Banking.HostedServices.ScheduledHost", "Banking.HostedServices.ScheduledHost\Banking.HostedServices.ScheduledHost.csproj", "{1243C7B6-EC39-480A-BF2A-872DFA29F722}"
EndProject
Project("{2150E333-8FDC-42A3-9474-1A3956D46DE8}") = "Banking.HostedServices", "Banking.HostedServices", "{F05FC68A-1B98-4B5E-9297-840846F216E7}"
EndProject
Project("{FAE04EC0-301F-11D3-BF4B-00C04F79EFBC}") = "Banking.Providers", "Banking.Providers\Banking.Providers.csproj", "{12560314-08C7-4455-88D6-486756CD96A4}"
EndProject
Project("{2150E333-8FDC-42A3-9474-1A3956D46DE8}") = "Banking.Web", "Banking.Web", "{89FD8883-B3A1-4EEC-AE12-CF1B487B4499}"
EndProject
Project("{FAE04EC0-301F-11D3-BF4B-00C04F79EFBC}") = "Banking.Shared", "Banking.Shared\Banking.Shared.csproj", "{1594F939-115A-4B97-B904-C8E585B85C22}"
EndProject
Project("{2150E333-8FDC-42A3-9474-1A3956D46DE8}") = "Banking.Business", "Banking.Business", "{E4977A80-DC4E-43DF-AB39-438720A17FF0}"
EndProject
Project("{FAE04EC0-301F-11D3-BF4B-00C04F79EFBC}") = "Banking.HostedServices.ServiceBusQueueHost", "Banking.HostedServices.ServiceBusQueueHost\Banking.HostedServices.ServiceBusQueueHost.csproj", "{39C3C486-E8E7-40A0-A3C8-1E9D48C4C7E8}"
EndProject
Project("{FAE04EC0-301F-11D3-BF4B-00C04F79EFBC}") = "Banking.Web.WebApp", "Banking.Web.WebApp\Banking.Web.WebApp.csproj", "{932CDC90-71F4-491F-9B90-B9005DC91843}"
EndProject
Project("{FAE04EC0-301F-11D3-BF4B-00C04F79EFBC}") = "Banking.Services", "Banking.Services\Banking.Services.csproj", "{64DBCB27-C2AA-4994-991F-536899ACCF66}"
EndProject
Project("{2150E333-8FDC-42A3-9474-1A3956D46DE8}") = "Hub.Shared.DataContracts", "Hub.Shared.DataContracts", "{43E7342C-64C4-4D14-8AA5-FBB2E23D48FF}"
EndProject
Project("{FAE04EC0-301F-11D3-BF4B-00C04F79EFBC}") = "Hub.Shared.DataContracts.Banking", "..\hub-shared\Hub.Shared.DataContracts\Hub.Shared.DataContracts.Banking\Hub.Shared.DataContracts.Banking.csproj", "{81915660-971E-4D6A-9162-0B636B22B136}"
EndProject
Project("{FAE04EC0-301F-11D3-BF4B-00C04F79EFBC}") = "Hub.Shared.AppConfiguration", "..\hub-shared\Hub.Shared.AppConfiguration\Hub.Shared.AppConfiguration.csproj", "{827EB359-B615-4D39-9580-30B3DA0150A1}"
EndProject
Project("{FAE04EC0-301F-11D3-BF4B-00C04F79EFBC}") = "Hub.Shared.GoogleApi", "..\hub-shared\Hub.Shared.GoogleApi\Hub.Shared.GoogleApi.csproj", "{2EF51E7D-4A4A-43D2-946D-7AC6D428EF80}"
EndProject
Project("{FAE04EC0-301F-11D3-BF4B-00C04F79EFBC}") = "Hub.Shared.DataContracts.Crypto", "..\hub-shared\Hub.Shared.DataContracts\Hub.Shared.DataContracts.Crypto\Hub.Shared.DataContracts.Crypto.csproj", "{CBAE0B1C-0461-4CBF-9B96-E58D47F242AC}"
EndProject
Project("{FAE04EC0-301F-11D3-BF4B-00C04F79EFBC}") = "Hub.Shared.DataContracts.Spreadsheet", "..\hub-shared\Hub.Shared.DataContracts\Hub.Shared.DataContracts.Spreadsheet\Hub.Shared.DataContracts.Spreadsheet.csproj", "{95524662-8BEF-4DFE-BFFA-EE87FC36E6D8}"
EndProject
Global
	GlobalSection(SolutionConfigurationPlatforms) = preSolution
		Debug|Any CPU = Debug|Any CPU
		Release|Any CPU = Release|Any CPU
	EndGlobalSection
	GlobalSection(ProjectConfigurationPlatforms) = postSolution
		{78DC9B62-21DC-4511-AC01-63DAFF5D6A2C}.Debug|Any CPU.ActiveCfg = Debug|Any CPU
		{78DC9B62-21DC-4511-AC01-63DAFF5D6A2C}.Debug|Any CPU.Build.0 = Debug|Any CPU
		{78DC9B62-21DC-4511-AC01-63DAFF5D6A2C}.Release|Any CPU.ActiveCfg = Release|Any CPU
		{78DC9B62-21DC-4511-AC01-63DAFF5D6A2C}.Release|Any CPU.Build.0 = Release|Any CPU
		{D79812C5-6B79-408C-BBCE-1E4559224789}.Debug|Any CPU.ActiveCfg = Debug|Any CPU
		{D79812C5-6B79-408C-BBCE-1E4559224789}.Debug|Any CPU.Build.0 = Debug|Any CPU
		{D79812C5-6B79-408C-BBCE-1E4559224789}.Release|Any CPU.ActiveCfg = Release|Any CPU
		{D79812C5-6B79-408C-BBCE-1E4559224789}.Release|Any CPU.Build.0 = Release|Any CPU
		{465AFB07-0285-4182-9513-6C5EE29F3B42}.Debug|Any CPU.ActiveCfg = Debug|Any CPU
		{465AFB07-0285-4182-9513-6C5EE29F3B42}.Debug|Any CPU.Build.0 = Debug|Any CPU
		{465AFB07-0285-4182-9513-6C5EE29F3B42}.Release|Any CPU.ActiveCfg = Release|Any CPU
		{465AFB07-0285-4182-9513-6C5EE29F3B42}.Release|Any CPU.Build.0 = Release|Any CPU
		{A7FE0CE7-80A6-41F6-8A05-863A2EE3724E}.Debug|Any CPU.ActiveCfg = Debug|Any CPU
		{A7FE0CE7-80A6-41F6-8A05-863A2EE3724E}.Debug|Any CPU.Build.0 = Debug|Any CPU
		{A7FE0CE7-80A6-41F6-8A05-863A2EE3724E}.Release|Any CPU.ActiveCfg = Release|Any CPU
		{A7FE0CE7-80A6-41F6-8A05-863A2EE3724E}.Release|Any CPU.Build.0 = Release|Any CPU
		{ABBE1B61-DE3D-49CD-9CB2-AE545B9123C7}.Debug|Any CPU.ActiveCfg = Debug|Any CPU
		{ABBE1B61-DE3D-49CD-9CB2-AE545B9123C7}.Debug|Any CPU.Build.0 = Debug|Any CPU
		{ABBE1B61-DE3D-49CD-9CB2-AE545B9123C7}.Release|Any CPU.ActiveCfg = Release|Any CPU
		{ABBE1B61-DE3D-49CD-9CB2-AE545B9123C7}.Release|Any CPU.Build.0 = Release|Any CPU
		{EC1C33C7-9073-47AA-A7FF-17F0E4127382}.Debug|Any CPU.ActiveCfg = Debug|Any CPU
		{EC1C33C7-9073-47AA-A7FF-17F0E4127382}.Debug|Any CPU.Build.0 = Debug|Any CPU
		{EC1C33C7-9073-47AA-A7FF-17F0E4127382}.Release|Any CPU.ActiveCfg = Release|Any CPU
		{EC1C33C7-9073-47AA-A7FF-17F0E4127382}.Release|Any CPU.Build.0 = Release|Any CPU
		{A7933A18-B622-4F51-BD59-232FD56FB80C}.Debug|Any CPU.ActiveCfg = Debug|Any CPU
		{A7933A18-B622-4F51-BD59-232FD56FB80C}.Debug|Any CPU.Build.0 = Debug|Any CPU
		{A7933A18-B622-4F51-BD59-232FD56FB80C}.Release|Any CPU.ActiveCfg = Release|Any CPU
		{A7933A18-B622-4F51-BD59-232FD56FB80C}.Release|Any CPU.Build.0 = Release|Any CPU
		{6C08BE2C-5E8A-4BE2-9315-B98B70BA9A27}.Debug|Any CPU.ActiveCfg = Debug|Any CPU
		{6C08BE2C-5E8A-4BE2-9315-B98B70BA9A27}.Debug|Any CPU.Build.0 = Debug|Any CPU
		{6C08BE2C-5E8A-4BE2-9315-B98B70BA9A27}.Release|Any CPU.ActiveCfg = Release|Any CPU
		{6C08BE2C-5E8A-4BE2-9315-B98B70BA9A27}.Release|Any CPU.Build.0 = Release|Any CPU
		{3BB58B82-7152-4848-8A7A-D95056A35F3E}.Debug|Any CPU.ActiveCfg = Debug|Any CPU
		{3BB58B82-7152-4848-8A7A-D95056A35F3E}.Debug|Any CPU.Build.0 = Debug|Any CPU
		{3BB58B82-7152-4848-8A7A-D95056A35F3E}.Release|Any CPU.ActiveCfg = Release|Any CPU
		{3BB58B82-7152-4848-8A7A-D95056A35F3E}.Release|Any CPU.Build.0 = Release|Any CPU
		{5E89B893-ED79-426F-AD6A-A3810B75E125}.Debug|Any CPU.ActiveCfg = Debug|Any CPU
		{5E89B893-ED79-426F-AD6A-A3810B75E125}.Debug|Any CPU.Build.0 = Debug|Any CPU
		{5E89B893-ED79-426F-AD6A-A3810B75E125}.Release|Any CPU.ActiveCfg = Release|Any CPU
		{5E89B893-ED79-426F-AD6A-A3810B75E125}.Release|Any CPU.Build.0 = Release|Any CPU
		{32553A11-D1A2-4693-B329-217C6CE40DF1}.Debug|Any CPU.ActiveCfg = Debug|Any CPU
		{32553A11-D1A2-4693-B329-217C6CE40DF1}.Debug|Any CPU.Build.0 = Debug|Any CPU
		{32553A11-D1A2-4693-B329-217C6CE40DF1}.Release|Any CPU.ActiveCfg = Release|Any CPU
		{32553A11-D1A2-4693-B329-217C6CE40DF1}.Release|Any CPU.Build.0 = Release|Any CPU
		{A47BB1E7-E911-4F36-9BC5-CC04DC045109}.Debug|Any CPU.ActiveCfg = Debug|Any CPU
		{A47BB1E7-E911-4F36-9BC5-CC04DC045109}.Debug|Any CPU.Build.0 = Debug|Any CPU
		{A47BB1E7-E911-4F36-9BC5-CC04DC045109}.Release|Any CPU.ActiveCfg = Release|Any CPU
		{A47BB1E7-E911-4F36-9BC5-CC04DC045109}.Release|Any CPU.Build.0 = Release|Any CPU
		{EBAB2D58-9C5B-4945-A732-E85A65D0EEE9}.Debug|Any CPU.ActiveCfg = Debug|Any CPU
		{EBAB2D58-9C5B-4945-A732-E85A65D0EEE9}.Debug|Any CPU.Build.0 = Debug|Any CPU
		{EBAB2D58-9C5B-4945-A732-E85A65D0EEE9}.Release|Any CPU.ActiveCfg = Release|Any CPU
		{EBAB2D58-9C5B-4945-A732-E85A65D0EEE9}.Release|Any CPU.Build.0 = Release|Any CPU
		{72B1210B-B84C-4FD5-A3A8-BAB5C8608B4F}.Debug|Any CPU.ActiveCfg = Debug|Any CPU
		{72B1210B-B84C-4FD5-A3A8-BAB5C8608B4F}.Debug|Any CPU.Build.0 = Debug|Any CPU
		{72B1210B-B84C-4FD5-A3A8-BAB5C8608B4F}.Release|Any CPU.ActiveCfg = Release|Any CPU
		{72B1210B-B84C-4FD5-A3A8-BAB5C8608B4F}.Release|Any CPU.Build.0 = Release|Any CPU
		{D6C7BE54-A38C-447F-96BD-129A0EC4839C}.Debug|Any CPU.ActiveCfg = Debug|Any CPU
		{D6C7BE54-A38C-447F-96BD-129A0EC4839C}.Debug|Any CPU.Build.0 = Debug|Any CPU
		{D6C7BE54-A38C-447F-96BD-129A0EC4839C}.Release|Any CPU.ActiveCfg = Release|Any CPU
		{D6C7BE54-A38C-447F-96BD-129A0EC4839C}.Release|Any CPU.Build.0 = Release|Any CPU
		{537AD469-D1FB-4ACA-98A7-D226DD7D648E}.Debug|Any CPU.ActiveCfg = Debug|Any CPU
		{537AD469-D1FB-4ACA-98A7-D226DD7D648E}.Debug|Any CPU.Build.0 = Debug|Any CPU
		{537AD469-D1FB-4ACA-98A7-D226DD7D648E}.Release|Any CPU.ActiveCfg = Release|Any CPU
		{537AD469-D1FB-4ACA-98A7-D226DD7D648E}.Release|Any CPU.Build.0 = Release|Any CPU
		{1243C7B6-EC39-480A-BF2A-872DFA29F722}.Debug|Any CPU.ActiveCfg = Debug|Any CPU
		{1243C7B6-EC39-480A-BF2A-872DFA29F722}.Debug|Any CPU.Build.0 = Debug|Any CPU
		{1243C7B6-EC39-480A-BF2A-872DFA29F722}.Release|Any CPU.ActiveCfg = Release|Any CPU
		{1243C7B6-EC39-480A-BF2A-872DFA29F722}.Release|Any CPU.Build.0 = Release|Any CPU
		{B5F9A1C5-5FC5-4C53-BAC4-274CA3398FA2}.Debug|Any CPU.ActiveCfg = Debug|Any CPU
		{B5F9A1C5-5FC5-4C53-BAC4-274CA3398FA2}.Debug|Any CPU.Build.0 = Debug|Any CPU
		{B5F9A1C5-5FC5-4C53-BAC4-274CA3398FA2}.Release|Any CPU.ActiveCfg = Release|Any CPU
		{B5F9A1C5-5FC5-4C53-BAC4-274CA3398FA2}.Release|Any CPU.Build.0 = Release|Any CPU
		{12560314-08C7-4455-88D6-486756CD96A4}.Debug|Any CPU.ActiveCfg = Debug|Any CPU
		{12560314-08C7-4455-88D6-486756CD96A4}.Debug|Any CPU.Build.0 = Debug|Any CPU
		{12560314-08C7-4455-88D6-486756CD96A4}.Release|Any CPU.ActiveCfg = Release|Any CPU
		{12560314-08C7-4455-88D6-486756CD96A4}.Release|Any CPU.Build.0 = Release|Any CPU
		{1594F939-115A-4B97-B904-C8E585B85C22}.Debug|Any CPU.ActiveCfg = Debug|Any CPU
		{1594F939-115A-4B97-B904-C8E585B85C22}.Debug|Any CPU.Build.0 = Debug|Any CPU
		{1594F939-115A-4B97-B904-C8E585B85C22}.Release|Any CPU.ActiveCfg = Release|Any CPU
		{1594F939-115A-4B97-B904-C8E585B85C22}.Release|Any CPU.Build.0 = Release|Any CPU
		{39C3C486-E8E7-40A0-A3C8-1E9D48C4C7E8}.Debug|Any CPU.ActiveCfg = Debug|Any CPU
		{39C3C486-E8E7-40A0-A3C8-1E9D48C4C7E8}.Debug|Any CPU.Build.0 = Debug|Any CPU
		{39C3C486-E8E7-40A0-A3C8-1E9D48C4C7E8}.Release|Any CPU.ActiveCfg = Release|Any CPU
		{39C3C486-E8E7-40A0-A3C8-1E9D48C4C7E8}.Release|Any CPU.Build.0 = Release|Any CPU
		{932CDC90-71F4-491F-9B90-B9005DC91843}.Debug|Any CPU.ActiveCfg = Debug|Any CPU
		{932CDC90-71F4-491F-9B90-B9005DC91843}.Debug|Any CPU.Build.0 = Debug|Any CPU
		{932CDC90-71F4-491F-9B90-B9005DC91843}.Release|Any CPU.ActiveCfg = Release|Any CPU
		{932CDC90-71F4-491F-9B90-B9005DC91843}.Release|Any CPU.Build.0 = Release|Any CPU
		{64DBCB27-C2AA-4994-991F-536899ACCF66}.Debug|Any CPU.ActiveCfg = Debug|Any CPU
		{64DBCB27-C2AA-4994-991F-536899ACCF66}.Debug|Any CPU.Build.0 = Debug|Any CPU
		{64DBCB27-C2AA-4994-991F-536899ACCF66}.Release|Any CPU.ActiveCfg = Release|Any CPU
		{64DBCB27-C2AA-4994-991F-536899ACCF66}.Release|Any CPU.Build.0 = Release|Any CPU
		{81915660-971E-4D6A-9162-0B636B22B136}.Debug|Any CPU.ActiveCfg = Debug|Any CPU
		{81915660-971E-4D6A-9162-0B636B22B136}.Debug|Any CPU.Build.0 = Debug|Any CPU
		{81915660-971E-4D6A-9162-0B636B22B136}.Release|Any CPU.ActiveCfg = Release|Any CPU
		{81915660-971E-4D6A-9162-0B636B22B136}.Release|Any CPU.Build.0 = Release|Any CPU
		{827EB359-B615-4D39-9580-30B3DA0150A1}.Debug|Any CPU.ActiveCfg = Debug|Any CPU
		{827EB359-B615-4D39-9580-30B3DA0150A1}.Debug|Any CPU.Build.0 = Debug|Any CPU
		{827EB359-B615-4D39-9580-30B3DA0150A1}.Release|Any CPU.ActiveCfg = Release|Any CPU
		{827EB359-B615-4D39-9580-30B3DA0150A1}.Release|Any CPU.Build.0 = Release|Any CPU
		{2EF51E7D-4A4A-43D2-946D-7AC6D428EF80}.Debug|Any CPU.ActiveCfg = Debug|Any CPU
		{2EF51E7D-4A4A-43D2-946D-7AC6D428EF80}.Debug|Any CPU.Build.0 = Debug|Any CPU
		{2EF51E7D-4A4A-43D2-946D-7AC6D428EF80}.Release|Any CPU.ActiveCfg = Release|Any CPU
		{2EF51E7D-4A4A-43D2-946D-7AC6D428EF80}.Release|Any CPU.Build.0 = Release|Any CPU
		{CBAE0B1C-0461-4CBF-9B96-E58D47F242AC}.Debug|Any CPU.ActiveCfg = Debug|Any CPU
		{CBAE0B1C-0461-4CBF-9B96-E58D47F242AC}.Debug|Any CPU.Build.0 = Debug|Any CPU
		{CBAE0B1C-0461-4CBF-9B96-E58D47F242AC}.Release|Any CPU.ActiveCfg = Release|Any CPU
		{CBAE0B1C-0461-4CBF-9B96-E58D47F242AC}.Release|Any CPU.Build.0 = Release|Any CPU
		{95524662-8BEF-4DFE-BFFA-EE87FC36E6D8}.Debug|Any CPU.ActiveCfg = Debug|Any CPU
		{95524662-8BEF-4DFE-BFFA-EE87FC36E6D8}.Debug|Any CPU.Build.0 = Debug|Any CPU
		{95524662-8BEF-4DFE-BFFA-EE87FC36E6D8}.Release|Any CPU.ActiveCfg = Release|Any CPU
		{95524662-8BEF-4DFE-BFFA-EE87FC36E6D8}.Release|Any CPU.Build.0 = Release|Any CPU
	EndGlobalSection
	GlobalSection(NestedProjects) = preSolution
		{78DC9B62-21DC-4511-AC01-63DAFF5D6A2C} = {B328846E-B016-4808-9D8E-F7D986C53CD6}
		{A7FE0CE7-80A6-41F6-8A05-863A2EE3724E} = {B328846E-B016-4808-9D8E-F7D986C53CD6}
		{465AFB07-0285-4182-9513-6C5EE29F3B42} = {B328846E-B016-4808-9D8E-F7D986C53CD6}
		{EC1C33C7-9073-47AA-A7FF-17F0E4127382} = {83A30151-BD2D-4FB2-B3CC-37F2B8B32D82}
		{A7933A18-B622-4F51-BD59-232FD56FB80C} = {83A30151-BD2D-4FB2-B3CC-37F2B8B32D82}
		{6C08BE2C-5E8A-4BE2-9315-B98B70BA9A27} = {83A30151-BD2D-4FB2-B3CC-37F2B8B32D82}
		{3BB58B82-7152-4848-8A7A-D95056A35F3E} = {83A30151-BD2D-4FB2-B3CC-37F2B8B32D82}
		{6965300D-8A21-4B13-8A22-2F64420E433E} = {03B13645-89A1-43E0-823B-F98A297C1D34}
		{B328846E-B016-4808-9D8E-F7D986C53CD6} = {03B13645-89A1-43E0-823B-F98A297C1D34}
		{D79812C5-6B79-408C-BBCE-1E4559224789} = {03B13645-89A1-43E0-823B-F98A297C1D34}
		{ABBE1B61-DE3D-49CD-9CB2-AE545B9123C7} = {03B13645-89A1-43E0-823B-F98A297C1D34}
		{83A30151-BD2D-4FB2-B3CC-37F2B8B32D82} = {03B13645-89A1-43E0-823B-F98A297C1D34}
		{5E89B893-ED79-426F-AD6A-A3810B75E125} = {6965300D-8A21-4B13-8A22-2F64420E433E}
		{32553A11-D1A2-4693-B329-217C6CE40DF1} = {6965300D-8A21-4B13-8A22-2F64420E433E}
		{A47BB1E7-E911-4F36-9BC5-CC04DC045109} = {6965300D-8A21-4B13-8A22-2F64420E433E}
		{EBAB2D58-9C5B-4945-A732-E85A65D0EEE9} = {6965300D-8A21-4B13-8A22-2F64420E433E}
		{1243C7B6-EC39-480A-BF2A-872DFA29F722} = {F05FC68A-1B98-4B5E-9297-840846F216E7}
		{72B1210B-B84C-4FD5-A3A8-BAB5C8608B4F} = {89FD8883-B3A1-4EEC-AE12-CF1B487B4499}
		{1594F939-115A-4B97-B904-C8E585B85C22} = {E4977A80-DC4E-43DF-AB39-438720A17FF0}
		{D6C7BE54-A38C-447F-96BD-129A0EC4839C} = {E4977A80-DC4E-43DF-AB39-438720A17FF0}
		{537AD469-D1FB-4ACA-98A7-D226DD7D648E} = {E4977A80-DC4E-43DF-AB39-438720A17FF0}
		{12560314-08C7-4455-88D6-486756CD96A4} = {E4977A80-DC4E-43DF-AB39-438720A17FF0}
		{39C3C486-E8E7-40A0-A3C8-1E9D48C4C7E8} = {F05FC68A-1B98-4B5E-9297-840846F216E7}
		{932CDC90-71F4-491F-9B90-B9005DC91843} = {89FD8883-B3A1-4EEC-AE12-CF1B487B4499}
		{64DBCB27-C2AA-4994-991F-536899ACCF66} = {E4977A80-DC4E-43DF-AB39-438720A17FF0}
		{43E7342C-64C4-4D14-8AA5-FBB2E23D48FF} = {03B13645-89A1-43E0-823B-F98A297C1D34}
		{81915660-971E-4D6A-9162-0B636B22B136} = {43E7342C-64C4-4D14-8AA5-FBB2E23D48FF}
		{827EB359-B615-4D39-9580-30B3DA0150A1} = {03B13645-89A1-43E0-823B-F98A297C1D34}
		{2EF51E7D-4A4A-43D2-946D-7AC6D428EF80} = {03B13645-89A1-43E0-823B-F98A297C1D34}
		{CBAE0B1C-0461-4CBF-9B96-E58D47F242AC} = {43E7342C-64C4-4D14-8AA5-FBB2E23D48FF}
		{95524662-8BEF-4DFE-BFFA-EE87FC36E6D8} = {43E7342C-64C4-4D14-8AA5-FBB2E23D48FF}
	EndGlobalSection
EndGlobal
