
Microsoft Visual Studio Solution File, Format Version 12.00
# Visual Studio 15
Project("{FAE04EC0-301F-11D3-BF4B-00C04F79EFBC}") = "Sbanken.Web.Api", "Sbanken.Web.Api\Sbanken.Web.Api.csproj", "{72B1210B-B84C-4FD5-A3A8-BAB5C8608B4F}"
EndProject
Project("{FAE04EC0-301F-11D3-BF4B-00C04F79EFBC}") = "Sbanken.Data", "Sbanken.Data\Sbanken.Data.csproj", "{D6C7BE54-A38C-447F-96BD-129A0EC4839C}"
EndProject
Project("{FAE04EC0-301F-11D3-BF4B-00C04F79EFBC}") = "Sbanken.Integration", "Sbanken.Integration\Sbanken.Integration.csproj", "{537AD469-D1FB-4ACA-98A7-D226DD7D648E}"
EndProject
Project("{FAE04EC0-301F-11D3-BF4B-00C04F79EFBC}") = "Sbanken.HostedServices.ScheduledHost", "Sbanken.HostedServices.ScheduledHost\Sbanken.HostedServices.ScheduledHost.csproj", "{1243C7B6-EC39-480A-BF2A-872DFA29F722}"
EndProject
Project("{2150E333-8FDC-42A3-9474-1A3956D46DE8}") = "Sbanken.HostedServices", "Sbanken.HostedServices", "{F05FC68A-1B98-4B5E-9297-840846F216E7}"
EndProject
Project("{FAE04EC0-301F-11D3-BF4B-00C04F79EFBC}") = "Sbanken.Providers", "Sbanken.Providers\Sbanken.Providers.csproj", "{12560314-08C7-4455-88D6-486756CD96A4}"
EndProject
Project("{2150E333-8FDC-42A3-9474-1A3956D46DE8}") = "Sbanken.Web", "Sbanken.Web", "{89FD8883-B3A1-4EEC-AE12-CF1B487B4499}"
EndProject
Project("{FAE04EC0-301F-11D3-BF4B-00C04F79EFBC}") = "Sbanken.Core", "Sbanken.Core\Sbanken.Core.csproj", "{1594F939-115A-4B97-B904-C8E585B85C22}"
EndProject
Project("{FAE04EC0-301F-11D3-BF4B-00C04F79EFBC}") = "Hub.Logging", "..\hub-shared\Hub.Logging\Hub.Logging.csproj", "{A5739153-32DC-43A1-874E-9C76EBF92C2A}"
EndProject
Project("{FAE04EC0-301F-11D3-BF4B-00C04F79EFBC}") = "Hub.Web.Http", "..\hub-shared\Hub.Web\Hub.Web.Http\Hub.Web.Http.csproj", "{78DC9B62-21DC-4511-AC01-63DAFF5D6A2C}"
EndProject
Project("{FAE04EC0-301F-11D3-BF4B-00C04F79EFBC}") = "Hub.Storage\Hub.Storage.Repository", "..\hub-shared\Hub.Storage\Hub.Storage.Repository\Hub.Storage.Repository.csproj", "{2EC9E03E-FA3D-4276-9A3F-F5A5066D37BB}"
EndProject
Project("{FAE04EC0-301F-11D3-BF4B-00C04F79EFBC}") = "Hub.Extensions", "..\hub-shared\Hub.Extensions\Hub.Extensions.csproj", "{D79812C5-6B79-408C-BBCE-1E4559224789}"
EndProject
Project("{2150E333-8FDC-42A3-9474-1A3956D46DE8}") = "Hub.Web", "..\hub-shared\Hub.Web", "{B328846E-B016-4808-9D8E-F7D986C53CD6}"
EndProject
Project("{2150E333-8FDC-42A3-9474-1A3956D46DE8}") = "Hub.Storage", "..\hub-shared\Hub.Storage", "{AA100D82-33FB-46C7-88FD-BC48DCC1B684}"
EndProject
Project("{FAE04EC0-301F-11D3-BF4B-00C04F79EFBC}") = "Hub.Web.Api", "..\hub-shared\Hub.Web\Hub.Web.Api\Hub.Web.Api.csproj", "{465AFB07-0285-4182-9513-6C5EE29F3B42}"
EndProject
Project("{FAE04EC0-301F-11D3-BF4B-00C04F79EFBC}") = "Hub.Web.BlazorServer", "..\hub-shared\Hub.Web\Hub.Web.BlazorServer\Hub.Web.BlazorServer.csproj", "{A7FE0CE7-80A6-41F6-8A05-863A2EE3724E}"
EndProject
Project("{2150E333-8FDC-42A3-9474-1A3956D46DE8}") = "Hub.HostedServices", "..\hub-shared\Hub.HostedServices", "{83A30151-BD2D-4FB2-B3CC-37F2B8B32D82}"
EndProject
Project("{FAE04EC0-301F-11D3-BF4B-00C04F79EFBC}") = "Hub.Settings", "..\hub-shared\Hub.Settings\Hub.Settings.csproj", "{ABBE1B61-DE3D-49CD-9CB2-AE545B9123C7}"
EndProject
Project("{FAE04EC0-301F-11D3-BF4B-00C04F79EFBC}") = "Hub.Settings.Core", "..\hub-shared\Hub.Settings.Core\Hub.Settings.Core.csproj", "{07F44819-13A2-49DB-B696-E8D70CE20501}"
EndProject
Project("{FAE04EC0-301F-11D3-BF4B-00C04F79EFBC}") = "Hub.HostedServices.Commands.Configuration", "..\hub-shared\Hub.HostedServices\Hub.HostedServices.Commands.Configuration\Hub.HostedServices.Commands.Configuration.csproj", "{25733F4B-BC18-474E-BBBA-896B475962F4}"
EndProject
Project("{FAE04EC0-301F-11D3-BF4B-00C04F79EFBC}") = "Hub.HostedServices.Commands.Configuration.Core", "..\hub-shared\Hub.HostedServices\Hub.HostedServices.Commands.Configuration.Core\Hub.HostedServices.Commands.Configuration.Core.csproj", "{73CA212C-D3A6-4BD1-BEBC-826BFAEF7FA2}"
EndProject
Project("{FAE04EC0-301F-11D3-BF4B-00C04F79EFBC}") = "Hub.HostedServices.Commands.Core", "..\hub-shared\Hub.HostedServices\Hub.HostedServices.Commands.Core\Hub.HostedServices.Commands.Core.csproj", "{EC1C33C7-9073-47AA-A7FF-17F0E4127382}"
EndProject
Project("{FAE04EC0-301F-11D3-BF4B-00C04F79EFBC}") = "Hub.HostedServices.Commands.Logging", "..\hub-shared\Hub.HostedServices\Hub.HostedServices.Commands.Logging\Hub.HostedServices.Commands.Logging.csproj", "{B01F0A3F-E01F-4871-901C-5C0713A2491B}"
EndProject
Project("{FAE04EC0-301F-11D3-BF4B-00C04F79EFBC}") = "Hub.HostedServices.Commands.Logging.Core", "..\hub-shared\Hub.HostedServices\Hub.HostedServices.Commands.Logging.Core\Hub.HostedServices.Commands.Logging.Core.csproj", "{92D5CA16-9593-4EE5-B429-2EFB687B23C3}"
EndProject
Project("{FAE04EC0-301F-11D3-BF4B-00C04F79EFBC}") = "Hub.HostedServices.Core", "..\hub-shared\Hub.HostedServices\Hub.HostedServices.Core\Hub.HostedServices.Core.csproj", "{A7933A18-B622-4F51-BD59-232FD56FB80C}"
EndProject
Project("{FAE04EC0-301F-11D3-BF4B-00C04F79EFBC}") = "Hub.Storage.Repository.Dto", "..\hub-shared\Hub.Storage\Hub.Storage.Repository.Dto\Hub.Storage.Repository.Dto.csproj", "{96269686-C4C8-44F1-8AF7-172F0F1BA3EC}"
EndProject
Project("{FAE04EC0-301F-11D3-BF4B-00C04F79EFBC}") = "Hub.Storage.Repository.Entities", "..\hub-shared\Hub.Storage\Hub.Storage.Repository.Entities\Hub.Storage.Repository.Entities.csproj", "{2CDA23CC-6BC7-4809-8CF7-1176BA3C7B6E}"
EndProject
Project("{FAE04EC0-301F-11D3-BF4B-00C04F79EFBC}") = "Hub.Storage.Repository.Core", "..\hub-shared\Hub.Storage\Hub.Storage.Repository.Core\Hub.Storage.Repository.Core.csproj", "{7734856A-9157-4FCB-917F-189B5B7077FC}"
EndProject
Project("{2150E333-8FDC-42A3-9474-1A3956D46DE8}") = "Sbanken.Business", "Sbanken.Business", "{E4977A80-DC4E-43DF-AB39-438720A17FF0}"
EndProject
Project("{FAE04EC0-301F-11D3-BF4B-00C04F79EFBC}") = "Hub.ServiceBus", "..\hub-shared\Hub.ServiceBus\Hub.ServiceBus.csproj", "{55EEF73C-8492-44D0-9DE2-4907C61506DD}"
EndProject
Project("{FAE04EC0-301F-11D3-BF4B-00C04F79EFBC}") = "Hub.ServiceBus.Core", "..\hub-shared\Hub.ServiceBus.Core\Hub.ServiceBus.Core.csproj", "{69A35015-6821-4F4E-B1D1-C644E10BA5D8}"
EndProject
Project("{FAE04EC0-301F-11D3-BF4B-00C04F79EFBC}") = "Sbanken.HostedServices.ServiceBusQueueHost", "Sbanken.HostedServices.ServiceBusQueueHost\Sbanken.HostedServices.ServiceBusQueueHost.csproj", "{39C3C486-E8E7-40A0-A3C8-1E9D48C4C7E8}"
EndProject
Project("{FAE04EC0-301F-11D3-BF4B-00C04F79EFBC}") = "Hub.HostedServices.ServiceBusQueue", "..\hub-shared\Hub.HostedServices\Hub.HostedServices.ServiceBusQueue\Hub.HostedServices.ServiceBusQueue.csproj", "{45505306-1F3E-449B-9E3B-67FA2F3B95D3}"
EndProject
Project("{FAE04EC0-301F-11D3-BF4B-00C04F79EFBC}") = "Hub.HostedServices.Schedule", "..\hub-shared\Hub.HostedServices\Hub.HostedServices.Schedule\Hub.HostedServices.Schedule.csproj", "{4C32E896-61C7-4102-B91B-BB70166148C9}"
EndProject
Project("{FAE04EC0-301F-11D3-BF4B-00C04F79EFBC}") = "Hub.Storage.Azure.Core", "..\hub-shared\Hub.Storage\Hub.Storage.Azure.Core\Hub.Storage.Azure.Core.csproj", "{E62E035D-BE0D-4E9B-B212-A95AC5689BC8}"
EndProject
Project("{FAE04EC0-301F-11D3-BF4B-00C04F79EFBC}") = "Hub.Storage.Azure", "..\hub-shared\Hub.Storage\Hub.Storage.Azure\Hub.Storage.Azure.csproj", "{D240F63B-66AD-4A42-B9FE-60DB505A412A}"
EndProject
Project("{FAE04EC0-301F-11D3-BF4B-00C04F79EFBC}") = "Sbanken.Web.WebApp", "Sbanken.Web.WebApp\Sbanken.Web.WebApp.csproj", "{932CDC90-71F4-491F-9B90-B9005DC91843}"
EndProject
Project("{FAE04EC0-301F-11D3-BF4B-00C04F79EFBC}") = "Sbanken.Services", "Sbanken.Services\Sbanken.Services.csproj", "{64DBCB27-C2AA-4994-991F-536899ACCF66}"
EndProject
Global
	GlobalSection(SolutionConfigurationPlatforms) = preSolution
		Debug|Any CPU = Debug|Any CPU
		Release|Any CPU = Release|Any CPU
	EndGlobalSection
	GlobalSection(ProjectConfigurationPlatforms) = postSolution
		{72B1210B-B84C-4FD5-A3A8-BAB5C8608B4F}.Debug|Any CPU.ActiveCfg = Debug|Any CPU
		{72B1210B-B84C-4FD5-A3A8-BAB5C8608B4F}.Debug|Any CPU.Build.0 = Debug|Any CPU
		{72B1210B-B84C-4FD5-A3A8-BAB5C8608B4F}.Release|Any CPU.ActiveCfg = Release|Any CPU
		{72B1210B-B84C-4FD5-A3A8-BAB5C8608B4F}.Release|Any CPU.Build.0 = Release|Any CPU
		{D6C7BE54-A38C-447F-96BD-129A0EC4839C}.Debug|Any CPU.ActiveCfg = Debug|Any CPU
		{D6C7BE54-A38C-447F-96BD-129A0EC4839C}.Debug|Any CPU.Build.0 = Debug|Any CPU
		{D6C7BE54-A38C-447F-96BD-129A0EC4839C}.Release|Any CPU.ActiveCfg = Release|Any CPU
		{D6C7BE54-A38C-447F-96BD-129A0EC4839C}.Release|Any CPU.Build.0 = Release|Any CPU
		{537AD469-D1FB-4ACA-98A7-D226DD7D648E}.Debug|Any CPU.ActiveCfg = Debug|Any CPU
		{537AD469-D1FB-4ACA-98A7-D226DD7D648E}.Debug|Any CPU.Build.0 = Debug|Any CPU
		{537AD469-D1FB-4ACA-98A7-D226DD7D648E}.Release|Any CPU.ActiveCfg = Release|Any CPU
		{537AD469-D1FB-4ACA-98A7-D226DD7D648E}.Release|Any CPU.Build.0 = Release|Any CPU
		{1243C7B6-EC39-480A-BF2A-872DFA29F722}.Debug|Any CPU.ActiveCfg = Debug|Any CPU
		{1243C7B6-EC39-480A-BF2A-872DFA29F722}.Debug|Any CPU.Build.0 = Debug|Any CPU
		{1243C7B6-EC39-480A-BF2A-872DFA29F722}.Release|Any CPU.ActiveCfg = Release|Any CPU
		{1243C7B6-EC39-480A-BF2A-872DFA29F722}.Release|Any CPU.Build.0 = Release|Any CPU
		{B5F9A1C5-5FC5-4C53-BAC4-274CA3398FA2}.Debug|Any CPU.ActiveCfg = Debug|Any CPU
		{B5F9A1C5-5FC5-4C53-BAC4-274CA3398FA2}.Debug|Any CPU.Build.0 = Debug|Any CPU
		{B5F9A1C5-5FC5-4C53-BAC4-274CA3398FA2}.Release|Any CPU.ActiveCfg = Release|Any CPU
		{B5F9A1C5-5FC5-4C53-BAC4-274CA3398FA2}.Release|Any CPU.Build.0 = Release|Any CPU
		{12560314-08C7-4455-88D6-486756CD96A4}.Debug|Any CPU.ActiveCfg = Debug|Any CPU
		{12560314-08C7-4455-88D6-486756CD96A4}.Debug|Any CPU.Build.0 = Debug|Any CPU
		{12560314-08C7-4455-88D6-486756CD96A4}.Release|Any CPU.ActiveCfg = Release|Any CPU
		{12560314-08C7-4455-88D6-486756CD96A4}.Release|Any CPU.Build.0 = Release|Any CPU
		{1594F939-115A-4B97-B904-C8E585B85C22}.Debug|Any CPU.ActiveCfg = Debug|Any CPU
		{1594F939-115A-4B97-B904-C8E585B85C22}.Debug|Any CPU.Build.0 = Debug|Any CPU
		{1594F939-115A-4B97-B904-C8E585B85C22}.Release|Any CPU.ActiveCfg = Release|Any CPU
		{1594F939-115A-4B97-B904-C8E585B85C22}.Release|Any CPU.Build.0 = Release|Any CPU
		{A5739153-32DC-43A1-874E-9C76EBF92C2A}.Debug|Any CPU.ActiveCfg = Debug|Any CPU
		{A5739153-32DC-43A1-874E-9C76EBF92C2A}.Debug|Any CPU.Build.0 = Debug|Any CPU
		{A5739153-32DC-43A1-874E-9C76EBF92C2A}.Release|Any CPU.ActiveCfg = Release|Any CPU
		{A5739153-32DC-43A1-874E-9C76EBF92C2A}.Release|Any CPU.Build.0 = Release|Any CPU
		{78DC9B62-21DC-4511-AC01-63DAFF5D6A2C}.Debug|Any CPU.ActiveCfg = Debug|Any CPU
		{78DC9B62-21DC-4511-AC01-63DAFF5D6A2C}.Debug|Any CPU.Build.0 = Debug|Any CPU
		{78DC9B62-21DC-4511-AC01-63DAFF5D6A2C}.Release|Any CPU.ActiveCfg = Release|Any CPU
		{78DC9B62-21DC-4511-AC01-63DAFF5D6A2C}.Release|Any CPU.Build.0 = Release|Any CPU
		{2EC9E03E-FA3D-4276-9A3F-F5A5066D37BB}.Debug|Any CPU.ActiveCfg = Debug|Any CPU
		{2EC9E03E-FA3D-4276-9A3F-F5A5066D37BB}.Debug|Any CPU.Build.0 = Debug|Any CPU
		{2EC9E03E-FA3D-4276-9A3F-F5A5066D37BB}.Release|Any CPU.ActiveCfg = Release|Any CPU
		{2EC9E03E-FA3D-4276-9A3F-F5A5066D37BB}.Release|Any CPU.Build.0 = Release|Any CPU
		{D79812C5-6B79-408C-BBCE-1E4559224789}.Debug|Any CPU.ActiveCfg = Debug|Any CPU
		{D79812C5-6B79-408C-BBCE-1E4559224789}.Debug|Any CPU.Build.0 = Debug|Any CPU
		{D79812C5-6B79-408C-BBCE-1E4559224789}.Release|Any CPU.ActiveCfg = Release|Any CPU
		{D79812C5-6B79-408C-BBCE-1E4559224789}.Release|Any CPU.Build.0 = Release|Any CPU
		{465AFB07-0285-4182-9513-6C5EE29F3B42}.Debug|Any CPU.ActiveCfg = Debug|Any CPU
		{465AFB07-0285-4182-9513-6C5EE29F3B42}.Debug|Any CPU.Build.0 = Debug|Any CPU
		{465AFB07-0285-4182-9513-6C5EE29F3B42}.Release|Any CPU.ActiveCfg = Release|Any CPU
		{465AFB07-0285-4182-9513-6C5EE29F3B42}.Release|Any CPU.Build.0 = Release|Any CPU
		{A7FE0CE7-80A6-41F6-8A05-863A2EE3724E}.Debug|Any CPU.ActiveCfg = Debug|Any CPU
		{A7FE0CE7-80A6-41F6-8A05-863A2EE3724E}.Debug|Any CPU.Build.0 = Debug|Any CPU
		{A7FE0CE7-80A6-41F6-8A05-863A2EE3724E}.Release|Any CPU.ActiveCfg = Release|Any CPU
		{A7FE0CE7-80A6-41F6-8A05-863A2EE3724E}.Release|Any CPU.Build.0 = Release|Any CPU
		{ABBE1B61-DE3D-49CD-9CB2-AE545B9123C7}.Debug|Any CPU.ActiveCfg = Debug|Any CPU
		{ABBE1B61-DE3D-49CD-9CB2-AE545B9123C7}.Debug|Any CPU.Build.0 = Debug|Any CPU
		{ABBE1B61-DE3D-49CD-9CB2-AE545B9123C7}.Release|Any CPU.ActiveCfg = Release|Any CPU
		{ABBE1B61-DE3D-49CD-9CB2-AE545B9123C7}.Release|Any CPU.Build.0 = Release|Any CPU
		{07F44819-13A2-49DB-B696-E8D70CE20501}.Debug|Any CPU.ActiveCfg = Debug|Any CPU
		{07F44819-13A2-49DB-B696-E8D70CE20501}.Debug|Any CPU.Build.0 = Debug|Any CPU
		{07F44819-13A2-49DB-B696-E8D70CE20501}.Release|Any CPU.ActiveCfg = Release|Any CPU
		{07F44819-13A2-49DB-B696-E8D70CE20501}.Release|Any CPU.Build.0 = Release|Any CPU
		{25733F4B-BC18-474E-BBBA-896B475962F4}.Debug|Any CPU.ActiveCfg = Debug|Any CPU
		{25733F4B-BC18-474E-BBBA-896B475962F4}.Debug|Any CPU.Build.0 = Debug|Any CPU
		{25733F4B-BC18-474E-BBBA-896B475962F4}.Release|Any CPU.ActiveCfg = Release|Any CPU
		{25733F4B-BC18-474E-BBBA-896B475962F4}.Release|Any CPU.Build.0 = Release|Any CPU
		{73CA212C-D3A6-4BD1-BEBC-826BFAEF7FA2}.Debug|Any CPU.ActiveCfg = Debug|Any CPU
		{73CA212C-D3A6-4BD1-BEBC-826BFAEF7FA2}.Debug|Any CPU.Build.0 = Debug|Any CPU
		{73CA212C-D3A6-4BD1-BEBC-826BFAEF7FA2}.Release|Any CPU.ActiveCfg = Release|Any CPU
		{73CA212C-D3A6-4BD1-BEBC-826BFAEF7FA2}.Release|Any CPU.Build.0 = Release|Any CPU
		{EC1C33C7-9073-47AA-A7FF-17F0E4127382}.Debug|Any CPU.ActiveCfg = Debug|Any CPU
		{EC1C33C7-9073-47AA-A7FF-17F0E4127382}.Debug|Any CPU.Build.0 = Debug|Any CPU
		{EC1C33C7-9073-47AA-A7FF-17F0E4127382}.Release|Any CPU.ActiveCfg = Release|Any CPU
		{EC1C33C7-9073-47AA-A7FF-17F0E4127382}.Release|Any CPU.Build.0 = Release|Any CPU
		{B01F0A3F-E01F-4871-901C-5C0713A2491B}.Debug|Any CPU.ActiveCfg = Debug|Any CPU
		{B01F0A3F-E01F-4871-901C-5C0713A2491B}.Debug|Any CPU.Build.0 = Debug|Any CPU
		{B01F0A3F-E01F-4871-901C-5C0713A2491B}.Release|Any CPU.ActiveCfg = Release|Any CPU
		{B01F0A3F-E01F-4871-901C-5C0713A2491B}.Release|Any CPU.Build.0 = Release|Any CPU
		{92D5CA16-9593-4EE5-B429-2EFB687B23C3}.Debug|Any CPU.ActiveCfg = Debug|Any CPU
		{92D5CA16-9593-4EE5-B429-2EFB687B23C3}.Debug|Any CPU.Build.0 = Debug|Any CPU
		{92D5CA16-9593-4EE5-B429-2EFB687B23C3}.Release|Any CPU.ActiveCfg = Release|Any CPU
		{92D5CA16-9593-4EE5-B429-2EFB687B23C3}.Release|Any CPU.Build.0 = Release|Any CPU
		{A7933A18-B622-4F51-BD59-232FD56FB80C}.Debug|Any CPU.ActiveCfg = Debug|Any CPU
		{A7933A18-B622-4F51-BD59-232FD56FB80C}.Debug|Any CPU.Build.0 = Debug|Any CPU
		{A7933A18-B622-4F51-BD59-232FD56FB80C}.Release|Any CPU.ActiveCfg = Release|Any CPU
		{A7933A18-B622-4F51-BD59-232FD56FB80C}.Release|Any CPU.Build.0 = Release|Any CPU
		{96269686-C4C8-44F1-8AF7-172F0F1BA3EC}.Debug|Any CPU.ActiveCfg = Debug|Any CPU
		{96269686-C4C8-44F1-8AF7-172F0F1BA3EC}.Debug|Any CPU.Build.0 = Debug|Any CPU
		{96269686-C4C8-44F1-8AF7-172F0F1BA3EC}.Release|Any CPU.ActiveCfg = Release|Any CPU
		{96269686-C4C8-44F1-8AF7-172F0F1BA3EC}.Release|Any CPU.Build.0 = Release|Any CPU
		{2CDA23CC-6BC7-4809-8CF7-1176BA3C7B6E}.Debug|Any CPU.ActiveCfg = Debug|Any CPU
		{2CDA23CC-6BC7-4809-8CF7-1176BA3C7B6E}.Debug|Any CPU.Build.0 = Debug|Any CPU
		{2CDA23CC-6BC7-4809-8CF7-1176BA3C7B6E}.Release|Any CPU.ActiveCfg = Release|Any CPU
		{2CDA23CC-6BC7-4809-8CF7-1176BA3C7B6E}.Release|Any CPU.Build.0 = Release|Any CPU
		{7734856A-9157-4FCB-917F-189B5B7077FC}.Debug|Any CPU.ActiveCfg = Debug|Any CPU
		{7734856A-9157-4FCB-917F-189B5B7077FC}.Debug|Any CPU.Build.0 = Debug|Any CPU
		{7734856A-9157-4FCB-917F-189B5B7077FC}.Release|Any CPU.ActiveCfg = Release|Any CPU
		{7734856A-9157-4FCB-917F-189B5B7077FC}.Release|Any CPU.Build.0 = Release|Any CPU
		{55EEF73C-8492-44D0-9DE2-4907C61506DD}.Debug|Any CPU.ActiveCfg = Debug|Any CPU
		{55EEF73C-8492-44D0-9DE2-4907C61506DD}.Debug|Any CPU.Build.0 = Debug|Any CPU
		{55EEF73C-8492-44D0-9DE2-4907C61506DD}.Release|Any CPU.ActiveCfg = Release|Any CPU
		{55EEF73C-8492-44D0-9DE2-4907C61506DD}.Release|Any CPU.Build.0 = Release|Any CPU
		{69A35015-6821-4F4E-B1D1-C644E10BA5D8}.Debug|Any CPU.ActiveCfg = Debug|Any CPU
		{69A35015-6821-4F4E-B1D1-C644E10BA5D8}.Debug|Any CPU.Build.0 = Debug|Any CPU
		{69A35015-6821-4F4E-B1D1-C644E10BA5D8}.Release|Any CPU.ActiveCfg = Release|Any CPU
		{69A35015-6821-4F4E-B1D1-C644E10BA5D8}.Release|Any CPU.Build.0 = Release|Any CPU
		{39C3C486-E8E7-40A0-A3C8-1E9D48C4C7E8}.Debug|Any CPU.ActiveCfg = Debug|Any CPU
		{39C3C486-E8E7-40A0-A3C8-1E9D48C4C7E8}.Debug|Any CPU.Build.0 = Debug|Any CPU
		{39C3C486-E8E7-40A0-A3C8-1E9D48C4C7E8}.Release|Any CPU.ActiveCfg = Release|Any CPU
		{39C3C486-E8E7-40A0-A3C8-1E9D48C4C7E8}.Release|Any CPU.Build.0 = Release|Any CPU
		{45505306-1F3E-449B-9E3B-67FA2F3B95D3}.Debug|Any CPU.ActiveCfg = Debug|Any CPU
		{45505306-1F3E-449B-9E3B-67FA2F3B95D3}.Debug|Any CPU.Build.0 = Debug|Any CPU
		{45505306-1F3E-449B-9E3B-67FA2F3B95D3}.Release|Any CPU.ActiveCfg = Release|Any CPU
		{45505306-1F3E-449B-9E3B-67FA2F3B95D3}.Release|Any CPU.Build.0 = Release|Any CPU
		{4C32E896-61C7-4102-B91B-BB70166148C9}.Debug|Any CPU.ActiveCfg = Debug|Any CPU
		{4C32E896-61C7-4102-B91B-BB70166148C9}.Debug|Any CPU.Build.0 = Debug|Any CPU
		{4C32E896-61C7-4102-B91B-BB70166148C9}.Release|Any CPU.ActiveCfg = Release|Any CPU
		{4C32E896-61C7-4102-B91B-BB70166148C9}.Release|Any CPU.Build.0 = Release|Any CPU
		{E62E035D-BE0D-4E9B-B212-A95AC5689BC8}.Debug|Any CPU.ActiveCfg = Debug|Any CPU
		{E62E035D-BE0D-4E9B-B212-A95AC5689BC8}.Debug|Any CPU.Build.0 = Debug|Any CPU
		{E62E035D-BE0D-4E9B-B212-A95AC5689BC8}.Release|Any CPU.ActiveCfg = Release|Any CPU
		{E62E035D-BE0D-4E9B-B212-A95AC5689BC8}.Release|Any CPU.Build.0 = Release|Any CPU
		{D240F63B-66AD-4A42-B9FE-60DB505A412A}.Debug|Any CPU.ActiveCfg = Debug|Any CPU
		{D240F63B-66AD-4A42-B9FE-60DB505A412A}.Debug|Any CPU.Build.0 = Debug|Any CPU
		{D240F63B-66AD-4A42-B9FE-60DB505A412A}.Release|Any CPU.ActiveCfg = Release|Any CPU
		{D240F63B-66AD-4A42-B9FE-60DB505A412A}.Release|Any CPU.Build.0 = Release|Any CPU
		{932CDC90-71F4-491F-9B90-B9005DC91843}.Debug|Any CPU.ActiveCfg = Debug|Any CPU
		{932CDC90-71F4-491F-9B90-B9005DC91843}.Debug|Any CPU.Build.0 = Debug|Any CPU
		{932CDC90-71F4-491F-9B90-B9005DC91843}.Release|Any CPU.ActiveCfg = Release|Any CPU
		{932CDC90-71F4-491F-9B90-B9005DC91843}.Release|Any CPU.Build.0 = Release|Any CPU
		{64DBCB27-C2AA-4994-991F-536899ACCF66}.Debug|Any CPU.ActiveCfg = Debug|Any CPU
		{64DBCB27-C2AA-4994-991F-536899ACCF66}.Debug|Any CPU.Build.0 = Debug|Any CPU
		{64DBCB27-C2AA-4994-991F-536899ACCF66}.Release|Any CPU.ActiveCfg = Release|Any CPU
		{64DBCB27-C2AA-4994-991F-536899ACCF66}.Release|Any CPU.Build.0 = Release|Any CPU
	EndGlobalSection
	GlobalSection(NestedProjects) = preSolution
		{1243C7B6-EC39-480A-BF2A-872DFA29F722} = {F05FC68A-1B98-4B5E-9297-840846F216E7}
		{72B1210B-B84C-4FD5-A3A8-BAB5C8608B4F} = {89FD8883-B3A1-4EEC-AE12-CF1B487B4499}
		{78DC9B62-21DC-4511-AC01-63DAFF5D6A2C} = {B328846E-B016-4808-9D8E-F7D986C53CD6}
		{2EC9E03E-FA3D-4276-9A3F-F5A5066D37BB} = {AA100D82-33FB-46C7-88FD-BC48DCC1B684}
		{A7FE0CE7-80A6-41F6-8A05-863A2EE3724E} = {B328846E-B016-4808-9D8E-F7D986C53CD6}
		{465AFB07-0285-4182-9513-6C5EE29F3B42} = {B328846E-B016-4808-9D8E-F7D986C53CD6}
		{25733F4B-BC18-474E-BBBA-896B475962F4} = {83A30151-BD2D-4FB2-B3CC-37F2B8B32D82}
		{73CA212C-D3A6-4BD1-BEBC-826BFAEF7FA2} = {83A30151-BD2D-4FB2-B3CC-37F2B8B32D82}
		{EC1C33C7-9073-47AA-A7FF-17F0E4127382} = {83A30151-BD2D-4FB2-B3CC-37F2B8B32D82}
		{B01F0A3F-E01F-4871-901C-5C0713A2491B} = {83A30151-BD2D-4FB2-B3CC-37F2B8B32D82}
		{92D5CA16-9593-4EE5-B429-2EFB687B23C3} = {83A30151-BD2D-4FB2-B3CC-37F2B8B32D82}
		{A7933A18-B622-4F51-BD59-232FD56FB80C} = {83A30151-BD2D-4FB2-B3CC-37F2B8B32D82}
		{96269686-C4C8-44F1-8AF7-172F0F1BA3EC} = {AA100D82-33FB-46C7-88FD-BC48DCC1B684}
		{2CDA23CC-6BC7-4809-8CF7-1176BA3C7B6E} = {AA100D82-33FB-46C7-88FD-BC48DCC1B684}
		{7734856A-9157-4FCB-917F-189B5B7077FC} = {AA100D82-33FB-46C7-88FD-BC48DCC1B684}
		{1594F939-115A-4B97-B904-C8E585B85C22} = {E4977A80-DC4E-43DF-AB39-438720A17FF0}
		{D6C7BE54-A38C-447F-96BD-129A0EC4839C} = {E4977A80-DC4E-43DF-AB39-438720A17FF0}
		{537AD469-D1FB-4ACA-98A7-D226DD7D648E} = {E4977A80-DC4E-43DF-AB39-438720A17FF0}
		{12560314-08C7-4455-88D6-486756CD96A4} = {E4977A80-DC4E-43DF-AB39-438720A17FF0}
		{39C3C486-E8E7-40A0-A3C8-1E9D48C4C7E8} = {F05FC68A-1B98-4B5E-9297-840846F216E7}
		{45505306-1F3E-449B-9E3B-67FA2F3B95D3} = {83A30151-BD2D-4FB2-B3CC-37F2B8B32D82}
		{4C32E896-61C7-4102-B91B-BB70166148C9} = {83A30151-BD2D-4FB2-B3CC-37F2B8B32D82}
		{E62E035D-BE0D-4E9B-B212-A95AC5689BC8} = {AA100D82-33FB-46C7-88FD-BC48DCC1B684}
		{D240F63B-66AD-4A42-B9FE-60DB505A412A} = {AA100D82-33FB-46C7-88FD-BC48DCC1B684}
		{932CDC90-71F4-491F-9B90-B9005DC91843} = {89FD8883-B3A1-4EEC-AE12-CF1B487B4499}
		{64DBCB27-C2AA-4994-991F-536899ACCF66} = {E4977A80-DC4E-43DF-AB39-438720A17FF0}
	EndGlobalSection
EndGlobal
